{
  "lockfile_version": "1",
  "packages": {
    "lazygit@latest": {
      "last_modified": "2024-12-08T11:15:23Z",
      "resolved": "github:NixOS/nixpkgs/93dc9803a1ee435e590b02cde9589038d5cc3a4e#lazygit",
      "source": "devbox-search",
      "version": "0.44.1",
      "systems": {
        "aarch64-darwin": {
          "outputs": [
            {
              "name": "out",
              "path": "/nix/store/7psw3x422z2nzwf6lxpvicyfvyvmdg0c-lazygit-0.44.1",
              "default": true
            }
          ],
          "store_path": "/nix/store/7psw3x422z2nzwf6lxpvicyfvyvmdg0c-lazygit-0.44.1"
        },
        "aarch64-linux": {
          "outputs": [
            {
              "name": "out",
              "path": "/nix/store/pfr4h1sg78r24xam9iy6dg90pdpffn5d-lazygit-0.44.1",
              "default": true
            }
          ],
          "store_path": "/nix/store/pfr4h1sg78r24xam9iy6dg90pdpffn5d-lazygit-0.44.1"
        },
        "x86_64-darwin": {
          "outputs": [
            {
              "name": "out",
              "path": "/nix/store/gpaxncabgcc8dk2sax3b7bq5r5p4gfyw-lazygit-0.44.1",
              "default": true
            }
          ],
          "store_path": "/nix/store/gpaxncabgcc8dk2sax3b7bq5r5p4gfyw-lazygit-0.44.1"
        },
        "x86_64-linux": {
          "outputs": [
            {
              "name": "out",
              "path": "/nix/store/bmxnpzfqm37qka4v03char41bwm4x1f8-lazygit-0.44.1",
              "default": true
            }
          ],
          "store_path": "/nix/store/bmxnpzfqm37qka4v03char41bwm4x1f8-lazygit-0.44.1"
        }
      }
    },
    "python@latest": {
      "last_modified": "2024-12-04T16:45:45Z",
      "plugin_version": "0.0.4",
      "resolved": "github:NixOS/nixpkgs/2f9d395f057a50f8076f633c10519035fce8d773#python313",
      "source": "devbox-search",
      "version": "3.13.1",
      "systems": {
        "aarch64-darwin": {
          "outputs": [
            {
              "name": "out",
              "path": "/nix/store/pq777ysry7jjqgjska3ch3f4876fkba9-python3-3.13.1",
              "default": true
            }
          ],
          "store_path": "/nix/store/pq777ysry7jjqgjska3ch3f4876fkba9-python3-3.13.1"
        },
        "aarch64-linux": {
          "outputs": [
            {
              "name": "out",
              "path": "/nix/store/bc96r0r99q6i1cp705qimz3jnvgn6ihk-python3-3.13.1",
              "default": true
            },
            {
              "name": "debug",
              "path": "/nix/store/c5c958sfx4ianghyjk1r5nbj11r6pzc2-python3-3.13.1-debug"
            }
          ],
          "store_path": "/nix/store/bc96r0r99q6i1cp705qimz3jnvgn6ihk-python3-3.13.1"
        },
        "x86_64-darwin": {
          "outputs": [
            {
              "name": "out",
              "path": "/nix/store/bxyw661l95pjq2c0rv1v69ph0z3cykl7-python3-3.13.1",
              "default": true
            }
          ],
          "store_path": "/nix/store/bxyw661l95pjq2c0rv1v69ph0z3cykl7-python3-3.13.1"
        },
        "x86_64-linux": {
          "outputs": [
            {
              "name": "out",
              "path": "/nix/store/6llg9sms6xw69whqpdkgldjz61dlk9c2-python3-3.13.1",
              "default": true
            },
            {
              "name": "debug",
              "path": "/nix/store/7k7p2syb94mbrg57yp3k8gfcx4wr5br9-python3-3.13.1-debug"
            }
          ],
          "store_path": "/nix/store/6llg9sms6xw69whqpdkgldjz61dlk9c2-python3-3.13.1"
        }
      }
    },
    "uv@latest": {
      "last_modified": "2024-12-09T13:13:08Z",
      "resolved": "github:NixOS/nixpkgs/bc27f0fde01ce4e1bfec1ab122d72b7380278e68#uv",
      "source": "devbox-search",
      "version": "0.4.30",
      "systems": {
        "aarch64-darwin": {
          "outputs": [
            {
              "name": "out",
              "path": "/nix/store/kcam2c7p2n7k6kazx8ipy9v93mmp2acd-uv-0.4.30",
              "default": true
            },
            {
              "name": "dist",
              "path": "/nix/store/5yg78vahciiraipg9xbmq3gmncyw4wig-uv-0.4.30-dist"
            }
          ],
          "store_path": "/nix/store/kcam2c7p2n7k6kazx8ipy9v93mmp2acd-uv-0.4.30"
        },
        "aarch64-linux": {
          "outputs": [
            {
              "name": "out",
              "path": "/nix/store/xwmpvkhkxvbibbkfpphijw85l4dxrd6m-uv-0.4.30",
              "default": true
            },
            {
              "name": "dist",
              "path": "/nix/store/i1rvg12ibvdmbnfjdfzi02n273sz659k-uv-0.4.30-dist"
            }
          ],
          "store_path": "/nix/store/xwmpvkhkxvbibbkfpphijw85l4dxrd6m-uv-0.4.30"
        },
        "x86_64-darwin": {
          "outputs": [
            {
              "name": "out",
              "path": "/nix/store/wwnghahh84p3b3f859vsq0l1lcjy2cqj-uv-0.4.30",
              "default": true
            },
            {
              "name": "dist",
              "path": "/nix/store/s042m2w3hk82hg4a1a4m7vzzkw7rdwbi-uv-0.4.30-dist"
            }
          ],
          "store_path": "/nix/store/wwnghahh84p3b3f859vsq0l1lcjy2cqj-uv-0.4.30"
        },
        "x86_64-linux": {
          "outputs": [
            {
              "name": "out",
              "path": "/nix/store/w7cs06nn9vvk8a59nv48y4biv9zzv43x-uv-0.4.30",
              "default": true
            },
            {
              "name": "dist",
              "path": "/nix/store/93m90v0vlxwmz04pia4hj7ni791x65rv-uv-0.4.30-dist"
            }
          ],
          "store_path": "/nix/store/w7cs06nn9vvk8a59nv48y4biv9zzv43x-uv-0.4.30"
        }
      }
    }
  }
}
